
Microsoft Visual Studio Solution File, Format Version 12.00
# Visual Studio Version 17
VisualStudioVersion = 17.4.33213.308
MinimumVisualStudioVersion = 10.0.40219.1
Project("{FAE04EC0-301F-11D3-BF4B-00C04F79EFBC}") = "encapsulation", "encapsulation\encapsulation.csproj", "{CC0359A4-1AD8-4985-8B61-3C1EAEC80104}"
EndProject
Global
	GlobalSection(SolutionConfigurationPlatforms) = preSolution
		Debug|Any CPU = Debug|Any CPU
		Release|Any CPU = Release|Any CPU
	EndGlobalSection
	GlobalSection(ProjectConfigurationPlatforms) = postSolution
		{CC0359A4-1AD8-4985-8B61-3C1EAEC80104}.Debug|Any CPU.ActiveCfg = Debug|Any CPU
		{CC0359A4-1AD8-4985-8B61-3C1EAEC80104}.Debug|Any CPU.Build.0 = Debug|Any CPU
		{CC0359A4-1AD8-4985-8B61-3C1EAEC80104}.Release|Any CPU.ActiveCfg = Release|Any CPU
		{CC0359A4-1AD8-4985-8B61-3C1EAEC80104}.Release|Any CPU.Build.0 = Release|Any CPU
	EndGlobalSection
	GlobalSection(SolutionProperties) = preSolution
		HideSolutionNode = FALSE
	EndGlobalSection
	GlobalSection(ExtensibilityGlobals) = postSolution
		SolutionGuid = {1A7CB790-6313-4F13-B28F-F6E0583706D8}
	EndGlobalSection
EndGlobal
